// !$*UTF8*$!
{
	archiveVersion = 1;
	classes = {
	};
	objectVersion = 56;
	objects = {

/* Begin PBXBuildFile section */
		2B0342B42B87CCB000B9AECE /* LevelErrorView.swift in Sources */ = {isa = PBXBuildFile; fileRef = 2B0342B32B87CCB000B9AECE /* LevelErrorView.swift */; };
		2B0342B62B87F91F00B9AECE /* TODO.swift in Sources */ = {isa = PBXBuildFile; fileRef = 2B0342B52B87F91F00B9AECE /* TODO.swift */; };
		2B9213B52B828FD500012ABA /* LevelView.swift in Sources */ = {isa = PBXBuildFile; fileRef = 2B9213B42B828FD500012ABA /* LevelView.swift */; };
		2B9213B72B82AC3400012ABA /* ScopeView.swift in Sources */ = {isa = PBXBuildFile; fileRef = 2B9213B62B82AC3400012ABA /* ScopeView.swift */; };
		2B93D7232B697D4A004C4058 /* AppDelegate.swift in Sources */ = {isa = PBXBuildFile; fileRef = 2B93D7222B697D4A004C4058 /* AppDelegate.swift */; };
		2B93D72C2B697D4D004C4058 /* Assets.xcassets in Resources */ = {isa = PBXBuildFile; fileRef = 2B93D72B2B697D4D004C4058 /* Assets.xcassets */; };
		2B93D72F2B697D4D004C4058 /* LaunchScreen.storyboard in Resources */ = {isa = PBXBuildFile; fileRef = 2B93D72D2B697D4D004C4058 /* LaunchScreen.storyboard */; };
		2B93D73F2B69A2D2004C4058 /* PlanetTileView.swift in Sources */ = {isa = PBXBuildFile; fileRef = 2B93D73E2B69A2D2004C4058 /* PlanetTileView.swift */; };
		2B93D7412B69A409004C4058 /* PlanetsViewController.swift in Sources */ = {isa = PBXBuildFile; fileRef = 2B93D7402B69A409004C4058 /* PlanetsViewController.swift */; };
		2BCDFC042B6AE9960045405D /* MotionTrackingViewController.swift in Sources */ = {isa = PBXBuildFile; fileRef = 2BCDFC032B6AE9960045405D /* MotionTrackingViewController.swift */; };
		2BCDFC082B6B017F0045405D /* MotionTrackingView.swift in Sources */ = {isa = PBXBuildFile; fileRef = 2BCDFC072B6B017F0045405D /* MotionTrackingView.swift */; };
/* End PBXBuildFile section */

/* Begin PBXFileReference section */
		2B0342B32B87CCB000B9AECE /* LevelErrorView.swift */ = {isa = PBXFileReference; lastKnownFileType = sourcecode.swift; path = LevelErrorView.swift; sourceTree = "<group>"; };
		2B0342B52B87F91F00B9AECE /* TODO.swift */ = {isa = PBXFileReference; lastKnownFileType = sourcecode.swift; path = TODO.swift; sourceTree = "<group>"; };
		2B9213B42B828FD500012ABA /* LevelView.swift */ = {isa = PBXFileReference; lastKnownFileType = sourcecode.swift; path = LevelView.swift; sourceTree = "<group>"; };
		2B9213B62B82AC3400012ABA /* ScopeView.swift */ = {isa = PBXFileReference; lastKnownFileType = sourcecode.swift; path = ScopeView.swift; sourceTree = "<group>"; };
		2B93D71F2B697D4A004C4058 /* MyPlanets.app */ = {isa = PBXFileReference; explicitFileType = wrapper.application; includeInIndex = 0; path = MyPlanets.app; sourceTree = BUILT_PRODUCTS_DIR; };
		2B93D7222B697D4A004C4058 /* AppDelegate.swift */ = {isa = PBXFileReference; lastKnownFileType = sourcecode.swift; path = AppDelegate.swift; sourceTree = "<group>"; };
		2B93D72B2B697D4D004C4058 /* Assets.xcassets */ = {isa = PBXFileReference; lastKnownFileType = folder.assetcatalog; path = Assets.xcassets; sourceTree = "<group>"; };
		2B93D72E2B697D4D004C4058 /* Base */ = {isa = PBXFileReference; lastKnownFileType = file.storyboard; name = Base; path = Base.lproj/LaunchScreen.storyboard; sourceTree = "<group>"; };
		2B93D7302B697D4D004C4058 /* Info.plist */ = {isa = PBXFileReference; lastKnownFileType = text.plist.xml; path = Info.plist; sourceTree = "<group>"; };
		2B93D73E2B69A2D2004C4058 /* PlanetTileView.swift */ = {isa = PBXFileReference; lastKnownFileType = sourcecode.swift; path = PlanetTileView.swift; sourceTree = "<group>"; };
		2B93D7402B69A409004C4058 /* PlanetsViewController.swift */ = {isa = PBXFileReference; lastKnownFileType = sourcecode.swift; path = PlanetsViewController.swift; sourceTree = "<group>"; };
		2BCDFC032B6AE9960045405D /* MotionTrackingViewController.swift */ = {isa = PBXFileReference; lastKnownFileType = sourcecode.swift; path = MotionTrackingViewController.swift; sourceTree = "<group>"; };
		2BCDFC072B6B017F0045405D /* MotionTrackingView.swift */ = {isa = PBXFileReference; lastKnownFileType = sourcecode.swift; path = MotionTrackingView.swift; sourceTree = "<group>"; };
/* End PBXFileReference section */

/* Begin PBXFrameworksBuildPhase section */
		2B93D71C2B697D4A004C4058 /* Frameworks */ = {
			isa = PBXFrameworksBuildPhase;
			buildActionMask = 2147483647;
			files = (
			);
			runOnlyForDeploymentPostprocessing = 0;
		};
/* End PBXFrameworksBuildPhase section */

/* Begin PBXGroup section */
		2B93D7162B697D4A004C4058 = {
			isa = PBXGroup;
			children = (
				2B93D7212B697D4A004C4058 /* MyPlanets */,
				2B93D7202B697D4A004C4058 /* Products */,
			);
			sourceTree = "<group>";
		};
		2B93D7202B697D4A004C4058 /* Products */ = {
			isa = PBXGroup;
			children = (
				2B93D71F2B697D4A004C4058 /* MyPlanets.app */,
			);
			name = Products;
			sourceTree = "<group>";
		};
		2B93D7212B697D4A004C4058 /* MyPlanets */ = {
			isa = PBXGroup;
			children = (
				2BCDFC002B6AD3450045405D /* MotionTrackingView */,
				2B93D7372B699066004C4058 /* PlanetsView */,
				2B93D7222B697D4A004C4058 /* AppDelegate.swift */,
				2B93D72B2B697D4D004C4058 /* Assets.xcassets */,
				2B93D72D2B697D4D004C4058 /* LaunchScreen.storyboard */,
				2B93D7302B697D4D004C4058 /* Info.plist */,
			);
			path = MyPlanets;
			sourceTree = "<group>";
		};
		2B93D7372B699066004C4058 /* PlanetsView */ = {
			isa = PBXGroup;
			children = (
				2B93D73E2B69A2D2004C4058 /* PlanetTileView.swift */,
				2B93D7402B69A409004C4058 /* PlanetsViewController.swift */,
			);
			path = PlanetsView;
			sourceTree = "<group>";
		};
		2BCDFC002B6AD3450045405D /* MotionTrackingView */ = {
			isa = PBXGroup;
			children = (
				2BCDFC032B6AE9960045405D /* MotionTrackingViewController.swift */,
				2BCDFC072B6B017F0045405D /* MotionTrackingView.swift */,
				2B9213B42B828FD500012ABA /* LevelView.swift */,
				2B0342B32B87CCB000B9AECE /* LevelErrorView.swift */,
				2B9213B62B82AC3400012ABA /* ScopeView.swift */,
				2B0342B52B87F91F00B9AECE /* TODO.swift */,
			);
			path = MotionTrackingView;
			sourceTree = "<group>";
		};
/* End PBXGroup section */

/* Begin PBXNativeTarget section */
		2B93D71E2B697D4A004C4058 /* MyPlanets */ = {
			isa = PBXNativeTarget;
			buildConfigurationList = 2B93D7332B697D4D004C4058 /* Build configuration list for PBXNativeTarget "MyPlanets" */;
			buildPhases = (
				2B93D71B2B697D4A004C4058 /* Sources */,
				2B93D71C2B697D4A004C4058 /* Frameworks */,
				2B93D71D2B697D4A004C4058 /* Resources */,
			);
			buildRules = (
			);
			dependencies = (
			);
			name = MyPlanets;
			productName = MyPlanets;
			productReference = 2B93D71F2B697D4A004C4058 /* MyPlanets.app */;
			productType = "com.apple.product-type.application";
		};
/* End PBXNativeTarget section */

/* Begin PBXProject section */
		2B93D7172B697D4A004C4058 /* Project object */ = {
			isa = PBXProject;
			attributes = {
				BuildIndependentTargetsInParallel = 1;
				LastSwiftUpdateCheck = 1520;
				LastUpgradeCheck = 1520;
				TargetAttributes = {
					2B93D71E2B697D4A004C4058 = {
						CreatedOnToolsVersion = 15.2;
					};
				};
			};
			buildConfigurationList = 2B93D71A2B697D4A004C4058 /* Build configuration list for PBXProject "MyPlanets" */;
			compatibilityVersion = "Xcode 14.0";
			developmentRegion = en;
			hasScannedForEncodings = 0;
			knownRegions = (
				en,
				Base,
			);
			mainGroup = 2B93D7162B697D4A004C4058;
			productRefGroup = 2B93D7202B697D4A004C4058 /* Products */;
			projectDirPath = "";
			projectRoot = "";
			targets = (
				2B93D71E2B697D4A004C4058 /* MyPlanets */,
			);
		};
/* End PBXProject section */

/* Begin PBXResourcesBuildPhase section */
		2B93D71D2B697D4A004C4058 /* Resources */ = {
			isa = PBXResourcesBuildPhase;
			buildActionMask = 2147483647;
			files = (
				2B93D72F2B697D4D004C4058 /* LaunchScreen.storyboard in Resources */,
				2B93D72C2B697D4D004C4058 /* Assets.xcassets in Resources */,
			);
			runOnlyForDeploymentPostprocessing = 0;
		};
/* End PBXResourcesBuildPhase section */

/* Begin PBXSourcesBuildPhase section */
		2B93D71B2B697D4A004C4058 /* Sources */ = {
			isa = PBXSourcesBuildPhase;
			buildActionMask = 2147483647;
			files = (
				2B9213B72B82AC3400012ABA /* ScopeView.swift in Sources */,
				2BCDFC042B6AE9960045405D /* MotionTrackingViewController.swift in Sources */,
				2B9213B52B828FD500012ABA /* LevelView.swift in Sources */,
				2B93D73F2B69A2D2004C4058 /* PlanetTileView.swift in Sources */,
				2B93D7232B697D4A004C4058 /* AppDelegate.swift in Sources */,
				2B0342B62B87F91F00B9AECE /* TODO.swift in Sources */,
				2B0342B42B87CCB000B9AECE /* LevelErrorView.swift in Sources */,
				2BCDFC082B6B017F0045405D /* MotionTrackingView.swift in Sources */,
				2B93D7412B69A409004C4058 /* PlanetsViewController.swift in Sources */,
			);
			runOnlyForDeploymentPostprocessing = 0;
		};
/* End PBXSourcesBuildPhase section */

/* Begin PBXVariantGroup section */
		2B93D72D2B697D4D004C4058 /* LaunchScreen.storyboard */ = {
			isa = PBXVariantGroup;
			children = (
				2B93D72E2B697D4D004C4058 /* Base */,
			);
			name = LaunchScreen.storyboard;
			sourceTree = "<group>";
		};
/* End PBXVariantGroup section */

/* Begin XCBuildConfiguration section */
		2B93D7312B697D4D004C4058 /* Debug */ = {
			isa = XCBuildConfiguration;
			buildSettings = {
				ALWAYS_SEARCH_USER_PATHS = NO;
				ASSETCATALOG_COMPILER_GENERATE_SWIFT_ASSET_SYMBOL_EXTENSIONS = YES;
				CLANG_ANALYZER_NONNULL = YES;
				CLANG_ANALYZER_NUMBER_OBJECT_CONVERSION = YES_AGGRESSIVE;
				CLANG_CXX_LANGUAGE_STANDARD = "gnu++20";
				CLANG_ENABLE_MODULES = YES;
				CLANG_ENABLE_OBJC_ARC = YES;
				CLANG_ENABLE_OBJC_WEAK = YES;
				CLANG_WARN_BLOCK_CAPTURE_AUTORELEASING = YES;
				CLANG_WARN_BOOL_CONVERSION = YES;
				CLANG_WARN_COMMA = YES;
				CLANG_WARN_CONSTANT_CONVERSION = YES;
				CLANG_WARN_DEPRECATED_OBJC_IMPLEMENTATIONS = YES;
				CLANG_WARN_DIRECT_OBJC_ISA_USAGE = YES_ERROR;
				CLANG_WARN_DOCUMENTATION_COMMENTS = YES;
				CLANG_WARN_EMPTY_BODY = YES;
				CLANG_WARN_ENUM_CONVERSION = YES;
				CLANG_WARN_INFINITE_RECURSION = YES;
				CLANG_WARN_INT_CONVERSION = YES;
				CLANG_WARN_NON_LITERAL_NULL_CONVERSION = YES;
				CLANG_WARN_OBJC_IMPLICIT_RETAIN_SELF = YES;
				CLANG_WARN_OBJC_LITERAL_CONVERSION = YES;
				CLANG_WARN_OBJC_ROOT_CLASS = YES_ERROR;
				CLANG_WARN_QUOTED_INCLUDE_IN_FRAMEWORK_HEADER = YES;
				CLANG_WARN_RANGE_LOOP_ANALYSIS = YES;
				CLANG_WARN_STRICT_PROTOTYPES = YES;
				CLANG_WARN_SUSPICIOUS_MOVE = YES;
				CLANG_WARN_UNGUARDED_AVAILABILITY = YES_AGGRESSIVE;
				CLANG_WARN_UNREACHABLE_CODE = YES;
				CLANG_WARN__DUPLICATE_METHOD_MATCH = YES;
				COPY_PHASE_STRIP = NO;
				DEBUG_INFORMATION_FORMAT = dwarf;
				ENABLE_STRICT_OBJC_MSGSEND = YES;
				ENABLE_TESTABILITY = YES;
				ENABLE_USER_SCRIPT_SANDBOXING = YES;
				GCC_C_LANGUAGE_STANDARD = gnu17;
				GCC_DYNAMIC_NO_PIC = NO;
				GCC_NO_COMMON_BLOCKS = YES;
				GCC_OPTIMIZATION_LEVEL = 0;
				GCC_PREPROCESSOR_DEFINITIONS = (
					"DEBUG=1",
					"$(inherited)",
				);
				GCC_WARN_64_TO_32_BIT_CONVERSION = YES;
				GCC_WARN_ABOUT_RETURN_TYPE = YES_ERROR;
				GCC_WARN_UNDECLARED_SELECTOR = YES;
				GCC_WARN_UNINITIALIZED_AUTOS = YES_AGGRESSIVE;
				GCC_WARN_UNUSED_FUNCTION = YES;
				GCC_WARN_UNUSED_VARIABLE = YES;
				IPHONEOS_DEPLOYMENT_TARGET = 17.2;
				LOCALIZATION_PREFERS_STRING_CATALOGS = YES;
				MTL_ENABLE_DEBUG_INFO = INCLUDE_SOURCE;
				MTL_FAST_MATH = YES;
				ONLY_ACTIVE_ARCH = YES;
				SDKROOT = iphoneos;
				SWIFT_ACTIVE_COMPILATION_CONDITIONS = "DEBUG $(inherited)";
				SWIFT_OPTIMIZATION_LEVEL = "-Onone";
			};
			name = Debug;
		};
		2B93D7322B697D4D004C4058 /* Release */ = {
			isa = XCBuildConfiguration;
			buildSettings = {
				ALWAYS_SEARCH_USER_PATHS = NO;
				ASSETCATALOG_COMPILER_GENERATE_SWIFT_ASSET_SYMBOL_EXTENSIONS = YES;
				CLANG_ANALYZER_NONNULL = YES;
				CLANG_ANALYZER_NUMBER_OBJECT_CONVERSION = YES_AGGRESSIVE;
				CLANG_CXX_LANGUAGE_STANDARD = "gnu++20";
				CLANG_ENABLE_MODULES = YES;
				CLANG_ENABLE_OBJC_ARC = YES;
				CLANG_ENABLE_OBJC_WEAK = YES;
				CLANG_WARN_BLOCK_CAPTURE_AUTORELEASING = YES;
				CLANG_WARN_BOOL_CONVERSION = YES;
				CLANG_WARN_COMMA = YES;
				CLANG_WARN_CONSTANT_CONVERSION = YES;
				CLANG_WARN_DEPRECATED_OBJC_IMPLEMENTATIONS = YES;
				CLANG_WARN_DIRECT_OBJC_ISA_USAGE = YES_ERROR;
				CLANG_WARN_DOCUMENTATION_COMMENTS = YES;
				CLANG_WARN_EMPTY_BODY = YES;
				CLANG_WARN_ENUM_CONVERSION = YES;
				CLANG_WARN_INFINITE_RECURSION = YES;
				CLANG_WARN_INT_CONVERSION = YES;
				CLANG_WARN_NON_LITERAL_NULL_CONVERSION = YES;
				CLANG_WARN_OBJC_IMPLICIT_RETAIN_SELF = YES;
				CLANG_WARN_OBJC_LITERAL_CONVERSION = YES;
				CLANG_WARN_OBJC_ROOT_CLASS = YES_ERROR;
				CLANG_WARN_QUOTED_INCLUDE_IN_FRAMEWORK_HEADER = YES;
				CLANG_WARN_RANGE_LOOP_ANALYSIS = YES;
				CLANG_WARN_STRICT_PROTOTYPES = YES;
				CLANG_WARN_SUSPICIOUS_MOVE = YES;
				CLANG_WARN_UNGUARDED_AVAILABILITY = YES_AGGRESSIVE;
				CLANG_WARN_UNREACHABLE_CODE = YES;
				CLANG_WARN__DUPLICATE_METHOD_MATCH = YES;
				COPY_PHASE_STRIP = NO;
				DEBUG_INFORMATION_FORMAT = "dwarf-with-dsym";
				ENABLE_NS_ASSERTIONS = NO;
				ENABLE_STRICT_OBJC_MSGSEND = YES;
				ENABLE_USER_SCRIPT_SANDBOXING = YES;
				GCC_C_LANGUAGE_STANDARD = gnu17;
				GCC_NO_COMMON_BLOCKS = YES;
				GCC_WARN_64_TO_32_BIT_CONVERSION = YES;
				GCC_WARN_ABOUT_RETURN_TYPE = YES_ERROR;
				GCC_WARN_UNDECLARED_SELECTOR = YES;
				GCC_WARN_UNINITIALIZED_AUTOS = YES_AGGRESSIVE;
				GCC_WARN_UNUSED_FUNCTION = YES;
				GCC_WARN_UNUSED_VARIABLE = YES;
				IPHONEOS_DEPLOYMENT_TARGET = 17.2;
				LOCALIZATION_PREFERS_STRING_CATALOGS = YES;
				MTL_ENABLE_DEBUG_INFO = NO;
				MTL_FAST_MATH = YES;
				SDKROOT = iphoneos;
				SWIFT_COMPILATION_MODE = wholemodule;
				VALIDATE_PRODUCT = YES;
			};
			name = Release;
		};
		2B93D7342B697D4D004C4058 /* Debug */ = {
			isa = XCBuildConfiguration;
			buildSettings = {
				ASSETCATALOG_COMPILER_APPICON_NAME = AppIcon;
				ASSETCATALOG_COMPILER_GLOBAL_ACCENT_COLOR_NAME = AccentColor;
				CODE_SIGN_STYLE = Automatic;
				CURRENT_PROJECT_VERSION = 1;
				DEVELOPMENT_TEAM = EQS83W7877;
				GENERATE_INFOPLIST_FILE = YES;
				INFOPLIST_FILE = MyPlanets/Info.plist;
				INFOPLIST_KEY_CFBundleDisplayName = "My Planets";
				INFOPLIST_KEY_LSApplicationCategoryType = "public.app-category.education";
				INFOPLIST_KEY_UIApplicationSupportsIndirectInputEvents = YES;
				INFOPLIST_KEY_UILaunchStoryboardName = LaunchScreen;
				INFOPLIST_KEY_UIRequiredDeviceCapabilities = "gyroscope magnetometer location-services";
				INFOPLIST_KEY_UISupportedInterfaceOrientations = "UIInterfaceOrientationLandscapeLeft UIInterfaceOrientationLandscapeRight UIInterfaceOrientationPortrait UIInterfaceOrientationPortraitUpsideDown";
				IPHONEOS_DEPLOYMENT_TARGET = 14.0;
				LD_RUNPATH_SEARCH_PATHS = (
					"$(inherited)",
					"@executable_path/Frameworks",
				);
				MARKETING_VERSION = 1.0;
				PRODUCT_BUNDLE_IDENTIFIER = com.ryglisdev.MyPlanets;
				PRODUCT_NAME = "$(TARGET_NAME)";
				SUPPORTED_PLATFORMS = "iphoneos iphonesimulator";
				SUPPORTS_MACCATALYST = NO;
				SUPPORTS_MAC_DESIGNED_FOR_IPHONE_IPAD = NO;
				SUPPORTS_XR_DESIGNED_FOR_IPHONE_IPAD = NO;
				SWIFT_EMIT_LOC_STRINGS = YES;
				SWIFT_VERSION = 5.0;
				TARGETED_DEVICE_FAMILY = "1,2";
			};
			name = Debug;
		};
		2B93D7352B697D4D004C4058 /* Release */ = {
			isa = XCBuildConfiguration;
			buildSettings = {
				ASSETCATALOG_COMPILER_APPICON_NAME = AppIcon;
				ASSETCATALOG_COMPILER_GLOBAL_ACCENT_COLOR_NAME = AccentColor;
				CODE_SIGN_STYLE = Automatic;
				CURRENT_PROJECT_VERSION = 1;
				DEVELOPMENT_TEAM = EQS83W7877;
				GENERATE_INFOPLIST_FILE = YES;
				INFOPLIST_FILE = MyPlanets/Info.plist;
				INFOPLIST_KEY_CFBundleDisplayName = "My Planets";
				INFOPLIST_KEY_LSApplicationCategoryType = "public.app-category.education";
				INFOPLIST_KEY_UIApplicationSupportsIndirectInputEvents = YES;
				INFOPLIST_KEY_UILaunchStoryboardName = LaunchScreen;
				INFOPLIST_KEY_UIRequiredDeviceCapabilities = "gyroscope magnetometer location-services";
				INFOPLIST_KEY_UISupportedInterfaceOrientations = "UIInterfaceOrientationLandscapeLeft UIInterfaceOrientationLandscapeRight UIInterfaceOrientationPortrait UIInterfaceOrientationPortraitUpsideDown";
				IPHONEOS_DEPLOYMENT_TARGET = 14.0;
				LD_RUNPATH_SEARCH_PATHS = (
					"$(inherited)",
					"@executable_path/Frameworks",
				);
				MARKETING_VERSION = 1.0;
				PRODUCT_BUNDLE_IDENTIFIER = com.ryglisdev.MyPlanets;
				PRODUCT_NAME = "$(TARGET_NAME)";
				SUPPORTED_PLATFORMS = "iphoneos iphonesimulator";
				SUPPORTS_MACCATALYST = NO;
				SUPPORTS_MAC_DESIGNED_FOR_IPHONE_IPAD = NO;
				SUPPORTS_XR_DESIGNED_FOR_IPHONE_IPAD = NO;
				SWIFT_EMIT_LOC_STRINGS = YES;
				SWIFT_VERSION = 5.0;
				TARGETED_DEVICE_FAMILY = "1,2";
			};
			name = Release;
		};
/* End XCBuildConfiguration section */

/* Begin XCConfigurationList section */
		2B93D71A2B697D4A004C4058 /* Build configuration list for PBXProject "MyPlanets" */ = {
			isa = XCConfigurationList;
			buildConfigurations = (
				2B93D7312B697D4D004C4058 /* Debug */,
				2B93D7322B697D4D004C4058 /* Release */,
			);
			defaultConfigurationIsVisible = 0;
			defaultConfigurationName = Release;
		};
		2B93D7332B697D4D004C4058 /* Build configuration list for PBXNativeTarget "MyPlanets" */ = {
			isa = XCConfigurationList;
			buildConfigurations = (
				2B93D7342B697D4D004C4058 /* Debug */,
				2B93D7352B697D4D004C4058 /* Release */,
			);
			defaultConfigurationIsVisible = 0;
			defaultConfigurationName = Release;
		};
/* End XCConfigurationList section */
	};
	rootObject = 2B93D7172B697D4A004C4058 /* Project object */;
}
