// !$*UTF8*$!
{
	archiveVersion = 1;
	classes = {
	};
	objectVersion = 56;
	objects = {

/* Begin PBXBuildFile section */
		2B0217622ABA25F7000754AE /* ShakeyBellView.swift in Sources */ = {isa = PBXBuildFile; fileRef = 2B0217612ABA25F7000754AE /* ShakeyBellView.swift */; };
		2B0C21C62AAA608F005CCBF6 /* AccountSummaryCell.swift in Sources */ = {isa = PBXBuildFile; fileRef = 2B0C21C52AAA608F005CCBF6 /* AccountSummaryCell.swift */; };
		2B304DB62A97D09200A2EE7A /* UIViewController+Utils.swift in Sources */ = {isa = PBXBuildFile; fileRef = 2B304DB52A97D09200A2EE7A /* UIViewController+Utils.swift */; };
		2B304DB82A97D63600A2EE7A /* MainViewController.swift in Sources */ = {isa = PBXBuildFile; fileRef = 2B304DB72A97D63600A2EE7A /* MainViewController.swift */; };
		2B6F01F22AC03C0200AB6220 /* ProfileManager.swift in Sources */ = {isa = PBXBuildFile; fileRef = 2B6F01F12AC03C0200AB6220 /* ProfileManager.swift */; };
		2B6F01F42AC03DCC00AB6220 /* AccountSummaryViewControllerTests.swift in Sources */ = {isa = PBXBuildFile; fileRef = 2B6F01F32AC03DCC00AB6220 /* AccountSummaryViewControllerTests.swift */; };
		2B7F83D32AB0E01F0073CAF8 /* CurrencyFormatterTests.swift in Sources */ = {isa = PBXBuildFile; fileRef = 2B7F83D22AB0E01F0073CAF8 /* CurrencyFormatterTests.swift */; };
		2B7F83D52AB0F7A60073CAF8 /* NSNotificationName.swift in Sources */ = {isa = PBXBuildFile; fileRef = 2B7F83D42AB0F7A60073CAF8 /* NSNotificationName.swift */; };
		2B7F83D72AB0F99E0073CAF8 /* UITextFieldSecureToggle.swift in Sources */ = {isa = PBXBuildFile; fileRef = 2B7F83D62AB0F99E0073CAF8 /* UITextFieldSecureToggle.swift */; };
		2B9245282ABCD5F50099B310 /* SkeletonLoadable.swift in Sources */ = {isa = PBXBuildFile; fileRef = 2B9245272ABCD5F50099B310 /* SkeletonLoadable.swift */; };
		2B92452A2ABCD6810099B310 /* SkeletonCell.swift in Sources */ = {isa = PBXBuildFile; fileRef = 2B9245292ABCD6810099B310 /* SkeletonCell.swift */; };
		2BA64D0A2A8556ED007B90EB /* AppDelegate.swift in Sources */ = {isa = PBXBuildFile; fileRef = 2BA64D092A8556ED007B90EB /* AppDelegate.swift */; };
		2BA64D0E2A8556ED007B90EB /* LoginViewController.swift in Sources */ = {isa = PBXBuildFile; fileRef = 2BA64D0D2A8556ED007B90EB /* LoginViewController.swift */; };
		2BA64D142A855707007B90EB /* LaunchScreen.storyboard in Resources */ = {isa = PBXBuildFile; fileRef = 2BA64D122A855707007B90EB /* LaunchScreen.storyboard */; };
		2BA64D1F2A8561F5007B90EB /* LoginView.swift in Sources */ = {isa = PBXBuildFile; fileRef = 2BA64D1E2A8561F5007B90EB /* LoginView.swift */; };
		2BC539B72A911C9900CB1E20 /* OnboardingContainerViewController.swift in Sources */ = {isa = PBXBuildFile; fileRef = 2BC539B62A911C9900CB1E20 /* OnboardingContainerViewController.swift */; };
		2BC539B92A912FCB00CB1E20 /* Assets.xcassets in Resources */ = {isa = PBXBuildFile; fileRef = 2BC539B82A912FCB00CB1E20 /* Assets.xcassets */; };
		2BC539BB2A9132DD00CB1E20 /* OnboardingViewController.swift in Sources */ = {isa = PBXBuildFile; fileRef = 2BC539BA2A9132DD00CB1E20 /* OnboardingViewController.swift */; };
		2BC5F4802AAF998900B6AFD7 /* DecimalUtils.swift in Sources */ = {isa = PBXBuildFile; fileRef = 2BC5F47F2AAF998900B6AFD7 /* DecimalUtils.swift */; };
		2BC5F4822AAF99F700B6AFD7 /* CurrencyFormatter.swift in Sources */ = {isa = PBXBuildFile; fileRef = 2BC5F4812AAF99F700B6AFD7 /* CurrencyFormatter.swift */; };
		2BD4A0982A93F2DA008E78A3 /* DummyViewController.swift in Sources */ = {isa = PBXBuildFile; fileRef = 2BD4A0972A93F2DA008E78A3 /* DummyViewController.swift */; };
		2BD4A09B2A93FEAB008E78A3 /* LocalState.swift in Sources */ = {isa = PBXBuildFile; fileRef = 2BD4A09A2A93FEAB008E78A3 /* LocalState.swift */; };
		2BE45F8F2ABB86DF00863ABC /* Date+Utils.swift in Sources */ = {isa = PBXBuildFile; fileRef = 2BE45F8E2ABB86DF00863ABC /* Date+Utils.swift */; };
		2BE45F912ABB879500863ABC /* AccountSummaryViewController+Networking.swift in Sources */ = {isa = PBXBuildFile; fileRef = 2BE45F902ABB879500863ABC /* AccountSummaryViewController+Networking.swift */; };
		2BE45F952ABB93C400863ABC /* ProfileTest.swift in Sources */ = {isa = PBXBuildFile; fileRef = 2BE45F942ABB93C400863ABC /* ProfileTest.swift */; };
		2BE45F972ABB947500863ABC /* AccountTests.swift in Sources */ = {isa = PBXBuildFile; fileRef = 2BE45F962ABB947500863ABC /* AccountTests.swift */; };
		2BFC52042AA90D7A000EE83B /* AccountSummaryViewController.swift in Sources */ = {isa = PBXBuildFile; fileRef = 2BFC52032AA90D7A000EE83B /* AccountSummaryViewController.swift */; };
		2BFC52062AA91395000EE83B /* AccountSummaryHeaderView.swift in Sources */ = {isa = PBXBuildFile; fileRef = 2BFC52052AA91394000EE83B /* AccountSummaryHeaderView.swift */; };
		2BFC52082AA913DE000EE83B /* AccountSummaryHeaderView.xib in Resources */ = {isa = PBXBuildFile; fileRef = 2BFC52072AA913DE000EE83B /* AccountSummaryHeaderView.xib */; };
/* End PBXBuildFile section */

/* Begin PBXContainerItemProxy section */
		2BC5F48B2AAFA3A300B6AFD7 /* PBXContainerItemProxy */ = {
			isa = PBXContainerItemProxy;
			containerPortal = 2BA64CFE2A8556ED007B90EB /* Project object */;
			proxyType = 1;
			remoteGlobalIDString = 2BA64D052A8556ED007B90EB;
			remoteInfo = Bankey;
		};
/* End PBXContainerItemProxy section */

/* Begin PBXFileReference section */
		2B0217612ABA25F7000754AE /* ShakeyBellView.swift */ = {isa = PBXFileReference; lastKnownFileType = sourcecode.swift; path = ShakeyBellView.swift; sourceTree = "<group>"; };
		2B0C21C52AAA608F005CCBF6 /* AccountSummaryCell.swift */ = {isa = PBXFileReference; lastKnownFileType = sourcecode.swift; path = AccountSummaryCell.swift; sourceTree = "<group>"; };
		2B304DB52A97D09200A2EE7A /* UIViewController+Utils.swift */ = {isa = PBXFileReference; lastKnownFileType = sourcecode.swift; path = "UIViewController+Utils.swift"; sourceTree = "<group>"; };
		2B304DB72A97D63600A2EE7A /* MainViewController.swift */ = {isa = PBXFileReference; lastKnownFileType = sourcecode.swift; path = MainViewController.swift; sourceTree = "<group>"; };
		2B6F01F12AC03C0200AB6220 /* ProfileManager.swift */ = {isa = PBXFileReference; lastKnownFileType = sourcecode.swift; path = ProfileManager.swift; sourceTree = "<group>"; };
		2B6F01F32AC03DCC00AB6220 /* AccountSummaryViewControllerTests.swift */ = {isa = PBXFileReference; lastKnownFileType = sourcecode.swift; path = AccountSummaryViewControllerTests.swift; sourceTree = "<group>"; };
		2B7F83D12AB0D8760073CAF8 /* Bankey.xctestplan */ = {isa = PBXFileReference; lastKnownFileType = text; path = Bankey.xctestplan; sourceTree = "<group>"; };
		2B7F83D22AB0E01F0073CAF8 /* CurrencyFormatterTests.swift */ = {isa = PBXFileReference; lastKnownFileType = sourcecode.swift; path = CurrencyFormatterTests.swift; sourceTree = "<group>"; };
		2B7F83D42AB0F7A60073CAF8 /* NSNotificationName.swift */ = {isa = PBXFileReference; lastKnownFileType = sourcecode.swift; path = NSNotificationName.swift; sourceTree = "<group>"; };
		2B7F83D62AB0F99E0073CAF8 /* UITextFieldSecureToggle.swift */ = {isa = PBXFileReference; lastKnownFileType = sourcecode.swift; path = UITextFieldSecureToggle.swift; sourceTree = "<group>"; };
		2B9245272ABCD5F50099B310 /* SkeletonLoadable.swift */ = {isa = PBXFileReference; lastKnownFileType = sourcecode.swift; path = SkeletonLoadable.swift; sourceTree = "<group>"; };
		2B9245292ABCD6810099B310 /* SkeletonCell.swift */ = {isa = PBXFileReference; lastKnownFileType = sourcecode.swift; path = SkeletonCell.swift; sourceTree = "<group>"; };
		2BA64D062A8556ED007B90EB /* Bankey.app */ = {isa = PBXFileReference; explicitFileType = wrapper.application; includeInIndex = 0; path = Bankey.app; sourceTree = BUILT_PRODUCTS_DIR; };
		2BA64D092A8556ED007B90EB /* AppDelegate.swift */ = {isa = PBXFileReference; lastKnownFileType = sourcecode.swift; path = AppDelegate.swift; sourceTree = "<group>"; };
		2BA64D0D2A8556ED007B90EB /* LoginViewController.swift */ = {isa = PBXFileReference; lastKnownFileType = sourcecode.swift; path = LoginViewController.swift; sourceTree = "<group>"; };
		2BA64D132A855707007B90EB /* Base */ = {isa = PBXFileReference; lastKnownFileType = file.storyboard; name = Base; path = Base.lproj/LaunchScreen.storyboard; sourceTree = "<group>"; };
		2BA64D152A855707007B90EB /* Info.plist */ = {isa = PBXFileReference; lastKnownFileType = text.plist.xml; path = Info.plist; sourceTree = "<group>"; };
		2BA64D1E2A8561F5007B90EB /* LoginView.swift */ = {isa = PBXFileReference; lastKnownFileType = sourcecode.swift; path = LoginView.swift; sourceTree = "<group>"; };
		2BC539B62A911C9900CB1E20 /* OnboardingContainerViewController.swift */ = {isa = PBXFileReference; lastKnownFileType = sourcecode.swift; path = OnboardingContainerViewController.swift; sourceTree = "<group>"; };
		2BC539B82A912FCB00CB1E20 /* Assets.xcassets */ = {isa = PBXFileReference; lastKnownFileType = folder.assetcatalog; path = Assets.xcassets; sourceTree = "<group>"; };
		2BC539BA2A9132DD00CB1E20 /* OnboardingViewController.swift */ = {isa = PBXFileReference; lastKnownFileType = sourcecode.swift; path = OnboardingViewController.swift; sourceTree = "<group>"; };
		2BC5F47F2AAF998900B6AFD7 /* DecimalUtils.swift */ = {isa = PBXFileReference; lastKnownFileType = sourcecode.swift; path = DecimalUtils.swift; sourceTree = "<group>"; };
		2BC5F4812AAF99F700B6AFD7 /* CurrencyFormatter.swift */ = {isa = PBXFileReference; lastKnownFileType = sourcecode.swift; path = CurrencyFormatter.swift; sourceTree = "<group>"; };
		2BC5F4872AAFA3A300B6AFD7 /* BankeyUnitTests.xctest */ = {isa = PBXFileReference; explicitFileType = wrapper.cfbundle; includeInIndex = 0; path = BankeyUnitTests.xctest; sourceTree = BUILT_PRODUCTS_DIR; };
		2BD4A0972A93F2DA008E78A3 /* DummyViewController.swift */ = {isa = PBXFileReference; lastKnownFileType = sourcecode.swift; path = DummyViewController.swift; sourceTree = "<group>"; };
		2BD4A09A2A93FEAB008E78A3 /* LocalState.swift */ = {isa = PBXFileReference; lastKnownFileType = sourcecode.swift; path = LocalState.swift; sourceTree = "<group>"; };
		2BE45F8E2ABB86DF00863ABC /* Date+Utils.swift */ = {isa = PBXFileReference; lastKnownFileType = sourcecode.swift; path = "Date+Utils.swift"; sourceTree = "<group>"; };
		2BE45F902ABB879500863ABC /* AccountSummaryViewController+Networking.swift */ = {isa = PBXFileReference; lastKnownFileType = sourcecode.swift; path = "AccountSummaryViewController+Networking.swift"; sourceTree = "<group>"; };
		2BE45F942ABB93C400863ABC /* ProfileTest.swift */ = {isa = PBXFileReference; lastKnownFileType = sourcecode.swift; path = ProfileTest.swift; sourceTree = "<group>"; };
		2BE45F962ABB947500863ABC /* AccountTests.swift */ = {isa = PBXFileReference; lastKnownFileType = sourcecode.swift; path = AccountTests.swift; sourceTree = "<group>"; };
		2BFC52032AA90D7A000EE83B /* AccountSummaryViewController.swift */ = {isa = PBXFileReference; lastKnownFileType = sourcecode.swift; path = AccountSummaryViewController.swift; sourceTree = "<group>"; };
		2BFC52052AA91394000EE83B /* AccountSummaryHeaderView.swift */ = {isa = PBXFileReference; lastKnownFileType = sourcecode.swift; path = AccountSummaryHeaderView.swift; sourceTree = "<group>"; };
		2BFC52072AA913DE000EE83B /* AccountSummaryHeaderView.xib */ = {isa = PBXFileReference; lastKnownFileType = file.xib; path = AccountSummaryHeaderView.xib; sourceTree = "<group>"; };
/* End PBXFileReference section */

/* Begin PBXFrameworksBuildPhase section */
		2BA64D032A8556ED007B90EB /* Frameworks */ = {
			isa = PBXFrameworksBuildPhase;
			buildActionMask = 2147483647;
			files = (
			);
			runOnlyForDeploymentPostprocessing = 0;
		};
		2BC5F4842AAFA3A300B6AFD7 /* Frameworks */ = {
			isa = PBXFrameworksBuildPhase;
			buildActionMask = 2147483647;
			files = (
			);
			runOnlyForDeploymentPostprocessing = 0;
		};
/* End PBXFrameworksBuildPhase section */

/* Begin PBXGroup section */
		2B0217602ABA25AF000754AE /* Components */ = {
			isa = PBXGroup;
			children = (
				2B0217612ABA25F7000754AE /* ShakeyBellView.swift */,
			);
			path = Components;
			sourceTree = "<group>";
		};
		2B0C21C32AAA6057005CCBF6 /* Header */ = {
			isa = PBXGroup;
			children = (
				2BFC52052AA91394000EE83B /* AccountSummaryHeaderView.swift */,
				2BFC52072AA913DE000EE83B /* AccountSummaryHeaderView.xib */,
			);
			path = Header;
			sourceTree = "<group>";
		};
		2B0C21C42AAA6073005CCBF6 /* Cell */ = {
			isa = PBXGroup;
			children = (
				2B0C21C52AAA608F005CCBF6 /* AccountSummaryCell.swift */,
				2B9245272ABCD5F50099B310 /* SkeletonLoadable.swift */,
				2B9245292ABCD6810099B310 /* SkeletonCell.swift */,
			);
			path = Cell;
			sourceTree = "<group>";
		};
		2B6F01F02AC03BCA00AB6220 /* Networking */ = {
			isa = PBXGroup;
			children = (
				2B6F01F12AC03C0200AB6220 /* ProfileManager.swift */,
			);
			path = Networking;
			sourceTree = "<group>";
		};
		2BA64CFD2A8556ED007B90EB = {
			isa = PBXGroup;
			children = (
				2B7F83D12AB0D8760073CAF8 /* Bankey.xctestplan */,
				2BA64D082A8556ED007B90EB /* Bankey */,
				2BC5F4882AAFA3A300B6AFD7 /* BankeyUnitTests */,
				2BA64D072A8556ED007B90EB /* Products */,
			);
			sourceTree = "<group>";
		};
		2BA64D072A8556ED007B90EB /* Products */ = {
			isa = PBXGroup;
			children = (
				2BA64D062A8556ED007B90EB /* Bankey.app */,
				2BC5F4872AAFA3A300B6AFD7 /* BankeyUnitTests.xctest */,
			);
			name = Products;
			sourceTree = "<group>";
		};
		2BA64D082A8556ED007B90EB /* Bankey */ = {
			isa = PBXGroup;
			children = (
				2BA64D092A8556ED007B90EB /* AppDelegate.swift */,
				2B304DB72A97D63600A2EE7A /* MainViewController.swift */,
				2BA64D1D2A8561BE007B90EB /* Login */,
				2BC539B52A911C4300CB1E20 /* Onboarding */,
				2BFC52022AA90D52000EE83B /* Account Summary */,
				2BD4A0992A93FE92008E78A3 /* Utils */,
				2BA64D1B2A85614C007B90EB /* Files */,
				2B0217602ABA25AF000754AE /* Components */,
			);
			path = Bankey;
			sourceTree = "<group>";
		};
		2BA64D1B2A85614C007B90EB /* Files */ = {
			isa = PBXGroup;
			children = (
				2BC539B82A912FCB00CB1E20 /* Assets.xcassets */,
				2BA64D122A855707007B90EB /* LaunchScreen.storyboard */,
				2BA64D152A855707007B90EB /* Info.plist */,
			);
			name = Files;
			sourceTree = "<group>";
		};
		2BA64D1D2A8561BE007B90EB /* Login */ = {
			isa = PBXGroup;
			children = (
				2BA64D0D2A8556ED007B90EB /* LoginViewController.swift */,
				2BA64D1E2A8561F5007B90EB /* LoginView.swift */,
				2BD4A0972A93F2DA008E78A3 /* DummyViewController.swift */,
			);
			path = Login;
			sourceTree = "<group>";
		};
		2BC539B52A911C4300CB1E20 /* Onboarding */ = {
			isa = PBXGroup;
			children = (
				2BC539B62A911C9900CB1E20 /* OnboardingContainerViewController.swift */,
				2BC539BA2A9132DD00CB1E20 /* OnboardingViewController.swift */,
			);
			path = Onboarding;
			sourceTree = "<group>";
		};
		2BC5F4882AAFA3A300B6AFD7 /* BankeyUnitTests */ = {
			isa = PBXGroup;
			children = (
				2BE45F932ABB93A600863ABC /* AccountSummary */,
				2BE45F922ABB939A00863ABC /* Utils */,
			);
			path = BankeyUnitTests;
			sourceTree = "<group>";
		};
		2BD4A0992A93FE92008E78A3 /* Utils */ = {
			isa = PBXGroup;
			children = (
				2B7F83D62AB0F99E0073CAF8 /* UITextFieldSecureToggle.swift */,
				2BD4A09A2A93FEAB008E78A3 /* LocalState.swift */,
				2B304DB52A97D09200A2EE7A /* UIViewController+Utils.swift */,
				2BC5F47F2AAF998900B6AFD7 /* DecimalUtils.swift */,
				2BC5F4812AAF99F700B6AFD7 /* CurrencyFormatter.swift */,
				2B7F83D42AB0F7A60073CAF8 /* NSNotificationName.swift */,
				2BE45F8E2ABB86DF00863ABC /* Date+Utils.swift */,
			);
			path = Utils;
			sourceTree = "<group>";
		};
		2BE45F922ABB939A00863ABC /* Utils */ = {
			isa = PBXGroup;
			children = (
				2B7F83D22AB0E01F0073CAF8 /* CurrencyFormatterTests.swift */,
			);
			path = Utils;
			sourceTree = "<group>";
		};
		2BE45F932ABB93A600863ABC /* AccountSummary */ = {
			isa = PBXGroup;
			children = (
				2BE45F942ABB93C400863ABC /* ProfileTest.swift */,
				2BE45F962ABB947500863ABC /* AccountTests.swift */,
				2B6F01F32AC03DCC00AB6220 /* AccountSummaryViewControllerTests.swift */,
			);
			path = AccountSummary;
			sourceTree = "<group>";
		};
		2BFC52022AA90D52000EE83B /* Account Summary */ = {
			isa = PBXGroup;
			children = (
				2BFC52032AA90D7A000EE83B /* AccountSummaryViewController.swift */,
				2BE45F902ABB879500863ABC /* AccountSummaryViewController+Networking.swift */,
				2B0C21C32AAA6057005CCBF6 /* Header */,
				2B0C21C42AAA6073005CCBF6 /* Cell */,
				2B6F01F02AC03BCA00AB6220 /* Networking */,
			);
			path = "Account Summary";
			sourceTree = "<group>";
		};
/* End PBXGroup section */

/* Begin PBXNativeTarget section */
		2BA64D052A8556ED007B90EB /* Bankey */ = {
			isa = PBXNativeTarget;
			buildConfigurationList = 2BA64D182A855707007B90EB /* Build configuration list for PBXNativeTarget "Bankey" */;
			buildPhases = (
				2BA64D022A8556ED007B90EB /* Sources */,
				2BA64D032A8556ED007B90EB /* Frameworks */,
				2BA64D042A8556ED007B90EB /* Resources */,
			);
			buildRules = (
			);
			dependencies = (
			);
			name = Bankey;
			productName = Bankey;
			productReference = 2BA64D062A8556ED007B90EB /* Bankey.app */;
			productType = "com.apple.product-type.application";
		};
		2BC5F4862AAFA3A300B6AFD7 /* BankeyUnitTests */ = {
			isa = PBXNativeTarget;
			buildConfigurationList = 2BC5F48D2AAFA3A400B6AFD7 /* Build configuration list for PBXNativeTarget "BankeyUnitTests" */;
			buildPhases = (
				2BC5F4832AAFA3A300B6AFD7 /* Sources */,
				2BC5F4842AAFA3A300B6AFD7 /* Frameworks */,
				2BC5F4852AAFA3A300B6AFD7 /* Resources */,
			);
			buildRules = (
			);
			dependencies = (
				2BC5F48C2AAFA3A300B6AFD7 /* PBXTargetDependency */,
			);
			name = BankeyUnitTests;
			productName = BankeyUnitTests;
			productReference = 2BC5F4872AAFA3A300B6AFD7 /* BankeyUnitTests.xctest */;
			productType = "com.apple.product-type.bundle.unit-test";
		};
/* End PBXNativeTarget section */

/* Begin PBXProject section */
		2BA64CFE2A8556ED007B90EB /* Project object */ = {
			isa = PBXProject;
			attributes = {
				BuildIndependentTargetsInParallel = 1;
				LastSwiftUpdateCheck = 1430;
				LastUpgradeCheck = 1500;
				TargetAttributes = {
					2BA64D052A8556ED007B90EB = {
						CreatedOnToolsVersion = 14.3.1;
					};
					2BC5F4862AAFA3A300B6AFD7 = {
						CreatedOnToolsVersion = 14.3.1;
						LastSwiftMigration = 1430;
						TestTargetID = 2BA64D052A8556ED007B90EB;
					};
				};
			};
			buildConfigurationList = 2BA64D012A8556ED007B90EB /* Build configuration list for PBXProject "Bankey" */;
			compatibilityVersion = "Xcode 14.0";
			developmentRegion = en;
			hasScannedForEncodings = 0;
			knownRegions = (
				en,
				Base,
			);
			mainGroup = 2BA64CFD2A8556ED007B90EB;
			productRefGroup = 2BA64D072A8556ED007B90EB /* Products */;
			projectDirPath = "";
			projectRoot = "";
			targets = (
				2BA64D052A8556ED007B90EB /* Bankey */,
				2BC5F4862AAFA3A300B6AFD7 /* BankeyUnitTests */,
			);
		};
/* End PBXProject section */

/* Begin PBXResourcesBuildPhase section */
		2BA64D042A8556ED007B90EB /* Resources */ = {
			isa = PBXResourcesBuildPhase;
			buildActionMask = 2147483647;
			files = (
				2BFC52082AA913DE000EE83B /* AccountSummaryHeaderView.xib in Resources */,
				2BC539B92A912FCB00CB1E20 /* Assets.xcassets in Resources */,
				2BA64D142A855707007B90EB /* LaunchScreen.storyboard in Resources */,
			);
			runOnlyForDeploymentPostprocessing = 0;
		};
		2BC5F4852AAFA3A300B6AFD7 /* Resources */ = {
			isa = PBXResourcesBuildPhase;
			buildActionMask = 2147483647;
			files = (
			);
			runOnlyForDeploymentPostprocessing = 0;
		};
/* End PBXResourcesBuildPhase section */

/* Begin PBXSourcesBuildPhase section */
		2BA64D022A8556ED007B90EB /* Sources */ = {
			isa = PBXSourcesBuildPhase;
			buildActionMask = 2147483647;
			files = (
				2B304DB62A97D09200A2EE7A /* UIViewController+Utils.swift in Sources */,
				2B92452A2ABCD6810099B310 /* SkeletonCell.swift in Sources */,
				2BE45F8F2ABB86DF00863ABC /* Date+Utils.swift in Sources */,
				2B6F01F22AC03C0200AB6220 /* ProfileManager.swift in Sources */,
				2BA64D1F2A8561F5007B90EB /* LoginView.swift in Sources */,
				2BD4A09B2A93FEAB008E78A3 /* LocalState.swift in Sources */,
				2BFC52062AA91395000EE83B /* AccountSummaryHeaderView.swift in Sources */,
				2BD4A0982A93F2DA008E78A3 /* DummyViewController.swift in Sources */,
				2BC5F4822AAF99F700B6AFD7 /* CurrencyFormatter.swift in Sources */,
				2BC5F4802AAF998900B6AFD7 /* DecimalUtils.swift in Sources */,
				2B7F83D52AB0F7A60073CAF8 /* NSNotificationName.swift in Sources */,
				2B7F83D72AB0F99E0073CAF8 /* UITextFieldSecureToggle.swift in Sources */,
				2BA64D0E2A8556ED007B90EB /* LoginViewController.swift in Sources */,
				2B0217622ABA25F7000754AE /* ShakeyBellView.swift in Sources */,
				2B0C21C62AAA608F005CCBF6 /* AccountSummaryCell.swift in Sources */,
				2BC539BB2A9132DD00CB1E20 /* OnboardingViewController.swift in Sources */,
				2B304DB82A97D63600A2EE7A /* MainViewController.swift in Sources */,
				2BFC52042AA90D7A000EE83B /* AccountSummaryViewController.swift in Sources */,
				2BA64D0A2A8556ED007B90EB /* AppDelegate.swift in Sources */,
				2BC539B72A911C9900CB1E20 /* OnboardingContainerViewController.swift in Sources */,
				2B9245282ABCD5F50099B310 /* SkeletonLoadable.swift in Sources */,
				2BE45F912ABB879500863ABC /* AccountSummaryViewController+Networking.swift in Sources */,
			);
			runOnlyForDeploymentPostprocessing = 0;
		};
		2BC5F4832AAFA3A300B6AFD7 /* Sources */ = {
			isa = PBXSourcesBuildPhase;
			buildActionMask = 2147483647;
			files = (
				2B7F83D32AB0E01F0073CAF8 /* CurrencyFormatterTests.swift in Sources */,
				2BE45F972ABB947500863ABC /* AccountTests.swift in Sources */,
				2BE45F952ABB93C400863ABC /* ProfileTest.swift in Sources */,
				2B6F01F42AC03DCC00AB6220 /* AccountSummaryViewControllerTests.swift in Sources */,
			);
			runOnlyForDeploymentPostprocessing = 0;
		};
/* End PBXSourcesBuildPhase section */

/* Begin PBXTargetDependency section */
		2BC5F48C2AAFA3A300B6AFD7 /* PBXTargetDependency */ = {
			isa = PBXTargetDependency;
			target = 2BA64D052A8556ED007B90EB /* Bankey */;
			targetProxy = 2BC5F48B2AAFA3A300B6AFD7 /* PBXContainerItemProxy */;
		};
/* End PBXTargetDependency section */

/* Begin PBXVariantGroup section */
		2BA64D122A855707007B90EB /* LaunchScreen.storyboard */ = {
			isa = PBXVariantGroup;
			children = (
				2BA64D132A855707007B90EB /* Base */,
			);
			name = LaunchScreen.storyboard;
			sourceTree = "<group>";
		};
/* End PBXVariantGroup section */

/* Begin XCBuildConfiguration section */
		2BA64D162A855707007B90EB /* Debug */ = {
			isa = XCBuildConfiguration;
			buildSettings = {
				ALWAYS_SEARCH_USER_PATHS = NO;
				CLANG_ANALYZER_NONNULL = YES;
				CLANG_ANALYZER_NUMBER_OBJECT_CONVERSION = YES_AGGRESSIVE;
				CLANG_CXX_LANGUAGE_STANDARD = "gnu++20";
				CLANG_ENABLE_MODULES = YES;
				CLANG_ENABLE_OBJC_ARC = YES;
				CLANG_ENABLE_OBJC_WEAK = YES;
				CLANG_WARN_BLOCK_CAPTURE_AUTORELEASING = YES;
				CLANG_WARN_BOOL_CONVERSION = YES;
				CLANG_WARN_COMMA = YES;
				CLANG_WARN_CONSTANT_CONVERSION = YES;
				CLANG_WARN_DEPRECATED_OBJC_IMPLEMENTATIONS = YES;
				CLANG_WARN_DIRECT_OBJC_ISA_USAGE = YES_ERROR;
				CLANG_WARN_DOCUMENTATION_COMMENTS = YES;
				CLANG_WARN_EMPTY_BODY = YES;
				CLANG_WARN_ENUM_CONVERSION = YES;
				CLANG_WARN_INFINITE_RECURSION = YES;
				CLANG_WARN_INT_CONVERSION = YES;
				CLANG_WARN_NON_LITERAL_NULL_CONVERSION = YES;
				CLANG_WARN_OBJC_IMPLICIT_RETAIN_SELF = YES;
				CLANG_WARN_OBJC_LITERAL_CONVERSION = YES;
				CLANG_WARN_OBJC_ROOT_CLASS = YES_ERROR;
				CLANG_WARN_QUOTED_INCLUDE_IN_FRAMEWORK_HEADER = YES;
				CLANG_WARN_RANGE_LOOP_ANALYSIS = YES;
				CLANG_WARN_STRICT_PROTOTYPES = YES;
				CLANG_WARN_SUSPICIOUS_MOVE = YES;
				CLANG_WARN_UNGUARDED_AVAILABILITY = YES_AGGRESSIVE;
				CLANG_WARN_UNREACHABLE_CODE = YES;
				CLANG_WARN__DUPLICATE_METHOD_MATCH = YES;
				COPY_PHASE_STRIP = NO;
				DEBUG_INFORMATION_FORMAT = dwarf;
				ENABLE_STRICT_OBJC_MSGSEND = YES;
				ENABLE_TESTABILITY = YES;
				ENABLE_USER_SCRIPT_SANDBOXING = YES;
				GCC_C_LANGUAGE_STANDARD = gnu11;
				GCC_DYNAMIC_NO_PIC = NO;
				GCC_NO_COMMON_BLOCKS = YES;
				GCC_OPTIMIZATION_LEVEL = 0;
				GCC_PREPROCESSOR_DEFINITIONS = (
					"DEBUG=1",
					"$(inherited)",
				);
				GCC_WARN_64_TO_32_BIT_CONVERSION = YES;
				GCC_WARN_ABOUT_RETURN_TYPE = YES_ERROR;
				GCC_WARN_UNDECLARED_SELECTOR = YES;
				GCC_WARN_UNINITIALIZED_AUTOS = YES_AGGRESSIVE;
				GCC_WARN_UNUSED_FUNCTION = YES;
				GCC_WARN_UNUSED_VARIABLE = YES;
				IPHONEOS_DEPLOYMENT_TARGET = 16.4;
				MTL_ENABLE_DEBUG_INFO = INCLUDE_SOURCE;
				MTL_FAST_MATH = YES;
				ONLY_ACTIVE_ARCH = YES;
				SDKROOT = iphoneos;
				SWIFT_ACTIVE_COMPILATION_CONDITIONS = DEBUG;
				SWIFT_OPTIMIZATION_LEVEL = "-Onone";
			};
			name = Debug;
		};
		2BA64D172A855707007B90EB /* Release */ = {
			isa = XCBuildConfiguration;
			buildSettings = {
				ALWAYS_SEARCH_USER_PATHS = NO;
				CLANG_ANALYZER_NONNULL = YES;
				CLANG_ANALYZER_NUMBER_OBJECT_CONVERSION = YES_AGGRESSIVE;
				CLANG_CXX_LANGUAGE_STANDARD = "gnu++20";
				CLANG_ENABLE_MODULES = YES;
				CLANG_ENABLE_OBJC_ARC = YES;
				CLANG_ENABLE_OBJC_WEAK = YES;
				CLANG_WARN_BLOCK_CAPTURE_AUTORELEASING = YES;
				CLANG_WARN_BOOL_CONVERSION = YES;
				CLANG_WARN_COMMA = YES;
				CLANG_WARN_CONSTANT_CONVERSION = YES;
				CLANG_WARN_DEPRECATED_OBJC_IMPLEMENTATIONS = YES;
				CLANG_WARN_DIRECT_OBJC_ISA_USAGE = YES_ERROR;
				CLANG_WARN_DOCUMENTATION_COMMENTS = YES;
				CLANG_WARN_EMPTY_BODY = YES;
				CLANG_WARN_ENUM_CONVERSION = YES;
				CLANG_WARN_INFINITE_RECURSION = YES;
				CLANG_WARN_INT_CONVERSION = YES;
				CLANG_WARN_NON_LITERAL_NULL_CONVERSION = YES;
				CLANG_WARN_OBJC_IMPLICIT_RETAIN_SELF = YES;
				CLANG_WARN_OBJC_LITERAL_CONVERSION = YES;
				CLANG_WARN_OBJC_ROOT_CLASS = YES_ERROR;
				CLANG_WARN_QUOTED_INCLUDE_IN_FRAMEWORK_HEADER = YES;
				CLANG_WARN_RANGE_LOOP_ANALYSIS = YES;
				CLANG_WARN_STRICT_PROTOTYPES = YES;
				CLANG_WARN_SUSPICIOUS_MOVE = YES;
				CLANG_WARN_UNGUARDED_AVAILABILITY = YES_AGGRESSIVE;
				CLANG_WARN_UNREACHABLE_CODE = YES;
				CLANG_WARN__DUPLICATE_METHOD_MATCH = YES;
				COPY_PHASE_STRIP = NO;
				DEBUG_INFORMATION_FORMAT = "dwarf-with-dsym";
				ENABLE_NS_ASSERTIONS = NO;
				ENABLE_STRICT_OBJC_MSGSEND = YES;
				ENABLE_USER_SCRIPT_SANDBOXING = YES;
				GCC_C_LANGUAGE_STANDARD = gnu11;
				GCC_NO_COMMON_BLOCKS = YES;
				GCC_WARN_64_TO_32_BIT_CONVERSION = YES;
				GCC_WARN_ABOUT_RETURN_TYPE = YES_ERROR;
				GCC_WARN_UNDECLARED_SELECTOR = YES;
				GCC_WARN_UNINITIALIZED_AUTOS = YES_AGGRESSIVE;
				GCC_WARN_UNUSED_FUNCTION = YES;
				GCC_WARN_UNUSED_VARIABLE = YES;
				IPHONEOS_DEPLOYMENT_TARGET = 16.4;
				MTL_ENABLE_DEBUG_INFO = NO;
				MTL_FAST_MATH = YES;
				SDKROOT = iphoneos;
				SWIFT_COMPILATION_MODE = wholemodule;
				SWIFT_OPTIMIZATION_LEVEL = "-O";
				VALIDATE_PRODUCT = YES;
			};
			name = Release;
		};
		2BA64D192A855707007B90EB /* Debug */ = {
			isa = XCBuildConfiguration;
			buildSettings = {
				ASSETCATALOG_COMPILER_APPICON_NAME = AppIcon;
				ASSETCATALOG_COMPILER_GLOBAL_ACCENT_COLOR_NAME = AccentColor;
				CODE_SIGN_STYLE = Automatic;
				CURRENT_PROJECT_VERSION = 1;
				DEVELOPMENT_TEAM = EQS83W7877;
				GENERATE_INFOPLIST_FILE = YES;
				INFOPLIST_FILE = Bankey/Info.plist;
				INFOPLIST_KEY_UIApplicationSupportsIndirectInputEvents = YES;
				INFOPLIST_KEY_UILaunchStoryboardName = LaunchScreen;
				INFOPLIST_KEY_UISupportedInterfaceOrientations_iPad = "UIInterfaceOrientationPortrait UIInterfaceOrientationPortraitUpsideDown UIInterfaceOrientationLandscapeLeft UIInterfaceOrientationLandscapeRight";
				INFOPLIST_KEY_UISupportedInterfaceOrientations_iPhone = "UIInterfaceOrientationPortrait UIInterfaceOrientationLandscapeLeft UIInterfaceOrientationLandscapeRight";
				LD_RUNPATH_SEARCH_PATHS = (
					"$(inherited)",
					"@executable_path/Frameworks",
				);
				MARKETING_VERSION = 1.0;
				PRODUCT_BUNDLE_IDENTIFIER = com.ryglisdev.Bankey;
				PRODUCT_NAME = "$(TARGET_NAME)";
				SWIFT_EMIT_LOC_STRINGS = YES;
				SWIFT_VERSION = 5.0;
				TARGETED_DEVICE_FAMILY = "1,2";
			};
			name = Debug;
		};
		2BA64D1A2A855707007B90EB /* Release */ = {
			isa = XCBuildConfiguration;
			buildSettings = {
				ASSETCATALOG_COMPILER_APPICON_NAME = AppIcon;
				ASSETCATALOG_COMPILER_GLOBAL_ACCENT_COLOR_NAME = AccentColor;
				CODE_SIGN_STYLE = Automatic;
				CURRENT_PROJECT_VERSION = 1;
				DEVELOPMENT_TEAM = EQS83W7877;
				GENERATE_INFOPLIST_FILE = YES;
				INFOPLIST_FILE = Bankey/Info.plist;
				INFOPLIST_KEY_UIApplicationSupportsIndirectInputEvents = YES;
				INFOPLIST_KEY_UILaunchStoryboardName = LaunchScreen;
				INFOPLIST_KEY_UISupportedInterfaceOrientations_iPad = "UIInterfaceOrientationPortrait UIInterfaceOrientationPortraitUpsideDown UIInterfaceOrientationLandscapeLeft UIInterfaceOrientationLandscapeRight";
				INFOPLIST_KEY_UISupportedInterfaceOrientations_iPhone = "UIInterfaceOrientationPortrait UIInterfaceOrientationLandscapeLeft UIInterfaceOrientationLandscapeRight";
				LD_RUNPATH_SEARCH_PATHS = (
					"$(inherited)",
					"@executable_path/Frameworks",
				);
				MARKETING_VERSION = 1.0;
				PRODUCT_BUNDLE_IDENTIFIER = com.ryglisdev.Bankey;
				PRODUCT_NAME = "$(TARGET_NAME)";
				SWIFT_EMIT_LOC_STRINGS = YES;
				SWIFT_VERSION = 5.0;
				TARGETED_DEVICE_FAMILY = "1,2";
			};
			name = Release;
		};
		2BC5F48E2AAFA3A400B6AFD7 /* Debug */ = {
			isa = XCBuildConfiguration;
			buildSettings = {
				BUNDLE_LOADER = "$(TEST_HOST)";
				CLANG_ENABLE_MODULES = YES;
				CODE_SIGN_STYLE = Automatic;
				CURRENT_PROJECT_VERSION = 1;
				DEVELOPMENT_TEAM = EQS83W7877;
				GENERATE_INFOPLIST_FILE = YES;
				MARKETING_VERSION = 1.0;
				PRODUCT_BUNDLE_IDENTIFIER = com.ryglisdev.BankeyUnitTests;
				PRODUCT_NAME = "$(TARGET_NAME)";
				SUPPORTED_PLATFORMS = "iphoneos iphonesimulator";
				SUPPORTS_MACCATALYST = NO;
				SUPPORTS_MAC_DESIGNED_FOR_IPHONE_IPAD = YES;
				SWIFT_EMIT_LOC_STRINGS = NO;
				SWIFT_OPTIMIZATION_LEVEL = "-Onone";
				SWIFT_VERSION = 5.0;
				TARGETED_DEVICE_FAMILY = "1,2";
				TEST_HOST = "$(BUILT_PRODUCTS_DIR)/Bankey.app/$(BUNDLE_EXECUTABLE_FOLDER_PATH)/Bankey";
			};
			name = Debug;
		};
		2BC5F48F2AAFA3A400B6AFD7 /* Release */ = {
			isa = XCBuildConfiguration;
			buildSettings = {
				BUNDLE_LOADER = "$(TEST_HOST)";
				CLANG_ENABLE_MODULES = YES;
				CODE_SIGN_STYLE = Automatic;
				CURRENT_PROJECT_VERSION = 1;
				DEVELOPMENT_TEAM = EQS83W7877;
				GENERATE_INFOPLIST_FILE = YES;
				MARKETING_VERSION = 1.0;
				PRODUCT_BUNDLE_IDENTIFIER = com.ryglisdev.BankeyUnitTests;
				PRODUCT_NAME = "$(TARGET_NAME)";
				SUPPORTED_PLATFORMS = "iphoneos iphonesimulator";
				SUPPORTS_MACCATALYST = NO;
				SUPPORTS_MAC_DESIGNED_FOR_IPHONE_IPAD = YES;
				SWIFT_EMIT_LOC_STRINGS = NO;
				SWIFT_VERSION = 5.0;
				TARGETED_DEVICE_FAMILY = "1,2";
				TEST_HOST = "$(BUILT_PRODUCTS_DIR)/Bankey.app/$(BUNDLE_EXECUTABLE_FOLDER_PATH)/Bankey";
			};
			name = Release;
		};
/* End XCBuildConfiguration section */

/* Begin XCConfigurationList section */
		2BA64D012A8556ED007B90EB /* Build configuration list for PBXProject "Bankey" */ = {
			isa = XCConfigurationList;
			buildConfigurations = (
				2BA64D162A855707007B90EB /* Debug */,
				2BA64D172A855707007B90EB /* Release */,
			);
			defaultConfigurationIsVisible = 0;
			defaultConfigurationName = Release;
		};
		2BA64D182A855707007B90EB /* Build configuration list for PBXNativeTarget "Bankey" */ = {
			isa = XCConfigurationList;
			buildConfigurations = (
				2BA64D192A855707007B90EB /* Debug */,
				2BA64D1A2A855707007B90EB /* Release */,
			);
			defaultConfigurationIsVisible = 0;
			defaultConfigurationName = Release;
		};
		2BC5F48D2AAFA3A400B6AFD7 /* Build configuration list for PBXNativeTarget "BankeyUnitTests" */ = {
			isa = XCConfigurationList;
			buildConfigurations = (
				2BC5F48E2AAFA3A400B6AFD7 /* Debug */,
				2BC5F48F2AAFA3A400B6AFD7 /* Release */,
			);
			defaultConfigurationIsVisible = 0;
			defaultConfigurationName = Release;
		};
/* End XCConfigurationList section */
	};
	rootObject = 2BA64CFE2A8556ED007B90EB /* Project object */;
}
